
Microsoft Visual Studio Solution File, Format Version 12.00
# Visual Studio 2013
VisualStudioVersion = 12.0.21005.1
MinimumVisualStudioVersion = 10.0.40219.1
Project("{FAE04EC0-301F-11D3-BF4B-00C04F79EFBC}") = "Ziggle.WebSite", "Ziggle.WebSite\Ziggle.WebSite.csproj", "{FDBBB36E-72E5-4C55-A80E-D22FF38779A4}"
EndProject
Project("{FAE04EC0-301F-11D3-BF4B-00C04F79EFBC}") = "Ziggle.Business", "Ziggle.Business\Ziggle.Business.csproj", "{9A94C6A8-A0B2-4EAA-B35B-FE031688EA42}"
EndProject
Project("{FAE04EC0-301F-11D3-BF4B-00C04F79EFBC}") = "Ziggle.Repository", "Ziggle.Repository\Ziggle.Repository.csproj", "{ACEA0800-8D5C-400F-B741-144B7B219F0C}"
EndProject
Project("{FAE04EC0-301F-11D3-BF4B-00C04F79EFBC}") = "Ziggle.ProductDatabase", "Ziggle.ProductDatabase\Ziggle.ProductDatabase.csproj", "{78D2425D-AC9C-43F5-B2AF-07D5CE12BF15}"
EndProject
Global
	GlobalSection(SolutionConfigurationPlatforms) = preSolution
		Debug|Any CPU = Debug|Any CPU
		Release|Any CPU = Release|Any CPU
	EndGlobalSection
	GlobalSection(ProjectConfigurationPlatforms) = postSolution
		{FDBBB36E-72E5-4C55-A80E-D22FF38779A4}.Debug|Any CPU.ActiveCfg = Debug|Any CPU
		{FDBBB36E-72E5-4C55-A80E-D22FF38779A4}.Debug|Any CPU.Build.0 = Debug|Any CPU
		{FDBBB36E-72E5-4C55-A80E-D22FF38779A4}.Release|Any CPU.ActiveCfg = Release|Any CPU
		{FDBBB36E-72E5-4C55-A80E-D22FF38779A4}.Release|Any CPU.Build.0 = Release|Any CPU
		{9A94C6A8-A0B2-4EAA-B35B-FE031688EA42}.Debug|Any CPU.ActiveCfg = Debug|Any CPU
		{9A94C6A8-A0B2-4EAA-B35B-FE031688EA42}.Debug|Any CPU.Build.0 = Debug|Any CPU
		{9A94C6A8-A0B2-4EAA-B35B-FE031688EA42}.Release|Any CPU.ActiveCfg = Release|Any CPU
		{9A94C6A8-A0B2-4EAA-B35B-FE031688EA42}.Release|Any CPU.Build.0 = Release|Any CPU
		{ACEA0800-8D5C-400F-B741-144B7B219F0C}.Debug|Any CPU.ActiveCfg = Debug|Any CPU
		{ACEA0800-8D5C-400F-B741-144B7B219F0C}.Debug|Any CPU.Build.0 = Debug|Any CPU
		{ACEA0800-8D5C-400F-B741-144B7B219F0C}.Release|Any CPU.ActiveCfg = Release|Any CPU
		{ACEA0800-8D5C-400F-B741-144B7B219F0C}.Release|Any CPU.Build.0 = Release|Any CPU
		{78D2425D-AC9C-43F5-B2AF-07D5CE12BF15}.Debug|Any CPU.ActiveCfg = Debug|Any CPU
		{78D2425D-AC9C-43F5-B2AF-07D5CE12BF15}.Debug|Any CPU.Build.0 = Debug|Any CPU
		{78D2425D-AC9C-43F5-B2AF-07D5CE12BF15}.Release|Any CPU.ActiveCfg = Release|Any CPU
		{78D2425D-AC9C-43F5-B2AF-07D5CE12BF15}.Release|Any CPU.Build.0 = Release|Any CPU
	EndGlobalSection
	GlobalSection(SolutionProperties) = preSolution
		HideSolutionNode = FALSE
	EndGlobalSection
EndGlobal
